{
  "nodes": {
    "home-manager": {
      "inputs": {
        "nixpkgs": [
          "nixpkgs"
        ]
      },
      "locked": {
        "lastModified": 1747688870,
        "narHash": "sha256-ypL9WAZfmJr5V70jEVzqGjjQzF0uCkz+AFQF7n9NmNc=",
        "owner": "nix-community",
        "repo": "home-manager",
        "rev": "d5f1f641b289553927b3801580598d200a501863",
        "type": "github"
      },
      "original": {
        "owner": "nix-community",
        "ref": "release-24.11",
        "repo": "home-manager",
        "type": "github"
      }
    },
    "hyprgraphics": {
      "inputs": {
        "hyprutils": [
          "hyprpaper",
          "hyprutils"
        ],
        "nixpkgs": [
          "hyprpaper",
          "nixpkgs"
        ],
        "systems": [
          "hyprpaper",
          "systems"
        ]
      },
      "locked": {
        "lastModified": 1745015490,
        "narHash": "sha256-apEJ9zoSzmslhJ2vOKFcXTMZLUFYzh1ghfB6Rbw3Low=",
        "owner": "hyprwm",
        "repo": "hyprgraphics",
        "rev": "60754910946b4e2dc1377b967b7156cb989c5873",
        "type": "github"
      },
      "original": {
        "owner": "hyprwm",
        "repo": "hyprgraphics",
        "type": "github"
      }
    },
    "hyprlang": {
      "inputs": {
        "hyprutils": [
          "hyprpaper",
          "hyprutils"
        ],
        "nixpkgs": [
          "hyprpaper",
          "nixpkgs"
        ],
        "systems": [
          "hyprpaper",
          "systems"
        ]
      },
      "locked": {
        "lastModified": 1746655412,
        "narHash": "sha256-kVQ0bHVtX6baYxRWWIh4u3LNJZb9Zcm2xBeDPOGz5BY=",
        "owner": "hyprwm",
        "repo": "hyprlang",
        "rev": "557241780c179cf7ef224df392f8e67dab6cef83",
        "type": "github"
      },
      "original": {
        "owner": "hyprwm",
        "repo": "hyprlang",
        "type": "github"
      }
    },
    "hyprpaper": {
      "inputs": {
        "hyprgraphics": "hyprgraphics",
        "hyprlang": "hyprlang",
        "hyprutils": "hyprutils",
        "hyprwayland-scanner": "hyprwayland-scanner",
        "nixpkgs": [
          "nixpkgs"
        ],
        "systems": "systems"
      },
      "locked": {
        "lastModified": 1746738843,
        "narHash": "sha256-qe4OwoBal5fYoTDV8psE+1jAG8Qv5lJDfWqS/4hEHPU=",
        "owner": "hyprwm",
        "repo": "hyprpaper",
        "rev": "99213a1854d172c529e815834e5b43dab95a3b67",
        "type": "github"
      },
      "original": {
        "owner": "hyprwm",
        "repo": "hyprpaper",
        "type": "github"
      }
    },
    "hyprutils": {
      "inputs": {
        "nixpkgs": [
          "hyprpaper",
          "nixpkgs"
        ],
        "systems": [
          "hyprpaper",
          "systems"
        ]
      },
      "locked": {
        "lastModified": 1746635225,
        "narHash": "sha256-W9G9bb0zRYDBRseHbVez0J8qVpD5QbizX67H/vsudhM=",
        "owner": "hyprwm",
        "repo": "hyprutils",
        "rev": "674ea57373f08b7609ce93baff131117a0dfe70d",
        "type": "github"
      },
      "original": {
        "owner": "hyprwm",
        "repo": "hyprutils",
        "type": "github"
      }
    },
    "hyprwayland-scanner": {
      "inputs": {
        "nixpkgs": [
          "hyprpaper",
          "nixpkgs"
        ],
        "systems": [
          "hyprpaper",
          "systems"
        ]
      },
      "locked": {
        "lastModified": 1739870480,
        "narHash": "sha256-SiDN5BGxa/1hAsqhgJsS03C3t2QrLgBT8u+ENJ0Qzwc=",
        "owner": "hyprwm",
        "repo": "hyprwayland-scanner",
        "rev": "206367a08dc5ac4ba7ad31bdca391d098082e64b",
        "type": "github"
      },
      "original": {
        "owner": "hyprwm",
        "repo": "hyprwayland-scanner",
        "type": "github"
      }
    },
    "nixos-hardware": {
      "locked": {
        "lastModified": 1748634340,
        "narHash": "sha256-pZH4bqbOd8S+si6UcfjHovWDiWKiIGRNRMpmRWaDIms=",
        "owner": "NixOS",
        "repo": "nixos-hardware",
        "rev": "daa628a725ab4948e0e2b795e8fb6f4c3e289a7a",
        "type": "github"
      },
      "original": {
        "owner": "NixOS",
        "ref": "master",
        "repo": "nixos-hardware",
        "type": "github"
      }
    },
    "nixpkgs": {
      "locked": {
        "lastModified": 1748421225,
        "narHash": "sha256-XXILOc80tvlvEQgYpYFnze8MkQQmp3eQxFbTzb3m/R0=",
        "owner": "NixOS",
        "repo": "nixpkgs",
        "rev": "78add7b7abb61689e34fc23070a8f55e1d26185b",
        "type": "github"
      },
      "original": {
        "owner": "NixOS",
        "ref": "nixos-24.11",
        "repo": "nixpkgs",
        "type": "github"
      }
    },
    "root": {
      "inputs": {
        "home-manager": "home-manager",
        "hyprpaper": "hyprpaper",
        "nixos-hardware": "nixos-hardware",
        "nixpkgs": "nixpkgs",
        "rose-pine-rofi": "rose-pine-rofi",
        "waybar-rose-pine": "waybar-rose-pine"
      }
    },
    "rose-pine-rofi": {
      "flake": false,
      "locked": {
        "lastModified": 1715820344,
        "narHash": "sha256-Mk/1mCqMMpXiTaf0ABOkctIJ/DHEIYRJ6FO1bJ5/sR4=",
        "owner": "heisfer",
        "repo": "rose-pine-rofi",
        "rev": "447684818a64e1b6c144d568b618282a10d2ccc3",
        "type": "github"
      },
      "original": {
        "owner": "heisfer",
        "repo": "rose-pine-rofi",
        "type": "github"
      }
    },
    "systems": {
      "locked": {
        "lastModified": 1689347949,
        "narHash": "sha256-12tWmuL2zgBgZkdoB6qXZsgJEH9LR3oUgpaQq2RbI80=",
        "owner": "nix-systems",
        "repo": "default-linux",
        "rev": "31732fcf5e8fea42e59c2488ad31a0e651500f68",
        "type": "github"
      },
      "original": {
        "owner": "nix-systems",
        "repo": "default-linux",
        "type": "github"
      }
    },
    "waybar-rose-pine": {
      "flake": false,
      "locked": {
        "lastModified": 1692757972,
        "narHash": "sha256-xrxceul8HRySG1cBg6uF6aYE52SJ/jCeICTh2Zj0iHo=",
        "owner": "rose-pine",
        "repo": "waybar",
        "rev": "1b118bd60d1c5778dc8a82b919069eeb8a834604",
        "type": "github"
      },
      "original": {
        "owner": "rose-pine",
        "repo": "waybar",
        "type": "github"
      }
    }
  },
  "root": "root",
  "version": 7
}
